# This file is automatically @generated by Cargo.
# It is not intended for manual editing.
version = 4

[[package]]
name = "bridge-output"
version = "0.1.0"
dependencies = [
 "bridge-protocol",
 "gamepad-state",
]

[[package]]
name = "bridge-protocol"
version = "0.1.0"
dependencies = [
 "gamepad-state",
]

[[package]]
name = "gamepad-simulator"
version = "0.1.0"
dependencies = [
 "bridge-output",
 "gamepad-state",
]

[[package]]
name = "gamepad-state"
version = "0.1.0"
